
Microsoft Visual Studio Solution File, Format Version 12.00
# Visual Studio Version 17
VisualStudioVersion = 17.3.32819.101
MinimumVisualStudioVersion = 10.0.40219.1
Project("{FAE04EC0-301F-11D3-BF4B-00C04F79EFBC}") = "game-backend", "game-backend\game-backend.csproj", "{3C133E15-4B11-4B6E-B4D8-F51AE0F7736B}"
EndProject
Global
	GlobalSection(SolutionConfigurationPlatforms) = preSolution
		Debug|Any CPU = Debug|Any CPU
		Release|Any CPU = Release|Any CPU
	EndGlobalSection
	GlobalSection(ProjectConfigurationPlatforms) = postSolution
		{3C133E15-4B11-4B6E-B4D8-F51AE0F7736B}.Debug|Any CPU.ActiveCfg = Debug|Any CPU
		{3C133E15-4B11-4B6E-B4D8-F51AE0F7736B}.Debug|Any CPU.Build.0 = Debug|Any CPU
		{3C133E15-4B11-4B6E-B4D8-F51AE0F7736B}.Release|Any CPU.ActiveCfg = Release|Any CPU
		{3C133E15-4B11-4B6E-B4D8-F51AE0F7736B}.Release|Any CPU.Build.0 = Release|Any CPU
	EndGlobalSection
	GlobalSection(SolutionProperties) = preSolution
		HideSolutionNode = FALSE
	EndGlobalSection
	GlobalSection(ExtensibilityGlobals) = postSolution
		SolutionGuid = {97CC75B1-81C9-4851-99CF-D746B6A2233C}
	EndGlobalSection
EndGlobal
